
Microsoft Visual Studio Solution File, Format Version 12.00
# Visual Studio Version 17
VisualStudioVersion = 17.4.33110.190
MinimumVisualStudioVersion = 10.0.40219.1
Project("{FAE04EC0-301F-11D3-BF4B-00C04F79EFBC}") = "UP 3.1 Graphic interface", "UP 3 Graphic interface\UP 3.1 Graphic interface.csproj", "{9FA6217B-8C14-4167-873A-6288E31572A2}"
EndProject
Project("{FAE04EC0-301F-11D3-BF4B-00C04F79EFBC}") = "UP 3.2 Graphic interface", "UP 3.2 Graphic interface\UP 3.2 Graphic interface.csproj", "{3DB0CE98-80B7-4C73-8AB2-A91EEB62978E}"
EndProject
Project("{FAE04EC0-301F-11D3-BF4B-00C04F79EFBC}") = "UP 3.3 Graphic interface", "UP 3.3 Graphic interface\UP 3.3 Graphic interface.csproj", "{24014194-6EBE-4DED-B61C-C53A91469A04}"
EndProject
Global
	GlobalSection(SolutionConfigurationPlatforms) = preSolution
		Debug|Any CPU = Debug|Any CPU
		Release|Any CPU = Release|Any CPU
	EndGlobalSection
	GlobalSection(ProjectConfigurationPlatforms) = postSolution
		{9FA6217B-8C14-4167-873A-6288E31572A2}.Debug|Any CPU.ActiveCfg = Debug|Any CPU
		{9FA6217B-8C14-4167-873A-6288E31572A2}.Debug|Any CPU.Build.0 = Debug|Any CPU
		{9FA6217B-8C14-4167-873A-6288E31572A2}.Release|Any CPU.ActiveCfg = Release|Any CPU
		{9FA6217B-8C14-4167-873A-6288E31572A2}.Release|Any CPU.Build.0 = Release|Any CPU
		{3DB0CE98-80B7-4C73-8AB2-A91EEB62978E}.Debug|Any CPU.ActiveCfg = Debug|Any CPU
		{3DB0CE98-80B7-4C73-8AB2-A91EEB62978E}.Debug|Any CPU.Build.0 = Debug|Any CPU
		{3DB0CE98-80B7-4C73-8AB2-A91EEB62978E}.Release|Any CPU.ActiveCfg = Release|Any CPU
		{3DB0CE98-80B7-4C73-8AB2-A91EEB62978E}.Release|Any CPU.Build.0 = Release|Any CPU
		{24014194-6EBE-4DED-B61C-C53A91469A04}.Debug|Any CPU.ActiveCfg = Debug|Any CPU
		{24014194-6EBE-4DED-B61C-C53A91469A04}.Debug|Any CPU.Build.0 = Debug|Any CPU
		{24014194-6EBE-4DED-B61C-C53A91469A04}.Release|Any CPU.ActiveCfg = Release|Any CPU
		{24014194-6EBE-4DED-B61C-C53A91469A04}.Release|Any CPU.Build.0 = Release|Any CPU
	EndGlobalSection
	GlobalSection(SolutionProperties) = preSolution
		HideSolutionNode = FALSE
	EndGlobalSection
	GlobalSection(ExtensibilityGlobals) = postSolution
		SolutionGuid = {1CF05A20-CFC1-44ED-80C1-7203F88DB643}
	EndGlobalSection
EndGlobal
